
Microsoft Visual Studio Solution File, Format Version 12.00
# Visual Studio 15
VisualStudioVersion = 15.0.28307.1525
MinimumVisualStudioVersion = 10.0.40219.1
Project("{FAE04EC0-301F-11D3-BF4B-00C04F79EFBC}") = "PR043-2018-Web-projekat", "PR043-2018-Web-projekat\PR043-2018-Web-projekat.csproj", "{6A259B69-4C01-4B17-8192-DC1A088D4226}"
EndProject
Global
	GlobalSection(SolutionConfigurationPlatforms) = preSolution
		Debug|Any CPU = Debug|Any CPU
		Release|Any CPU = Release|Any CPU
	EndGlobalSection
	GlobalSection(ProjectConfigurationPlatforms) = postSolution
		{6A259B69-4C01-4B17-8192-DC1A088D4226}.Debug|Any CPU.ActiveCfg = Debug|Any CPU
		{6A259B69-4C01-4B17-8192-DC1A088D4226}.Debug|Any CPU.Build.0 = Debug|Any CPU
		{6A259B69-4C01-4B17-8192-DC1A088D4226}.Release|Any CPU.ActiveCfg = Release|Any CPU
		{6A259B69-4C01-4B17-8192-DC1A088D4226}.Release|Any CPU.Build.0 = Release|Any CPU
	EndGlobalSection
	GlobalSection(SolutionProperties) = preSolution
		HideSolutionNode = FALSE
	EndGlobalSection
	GlobalSection(ExtensibilityGlobals) = postSolution
		SolutionGuid = {65B9B578-6A88-4CA5-A804-72DBE53DFA61}
	EndGlobalSection
EndGlobal
